
Microsoft Visual Studio Solution File, Format Version 12.00
# Visual Studio Version 16
VisualStudioVersion = 16.0.28803.156
MinimumVisualStudioVersion = 10.0.40219.1
Project("{FAE04EC0-301F-11D3-BF4B-00C04F79EFBC}") = "Grades", "Grades\Grades.csproj", "{DF85867C-06BD-498C-B548-FF28A4EDD731}"
EndProject
Global
	GlobalSection(SolutionConfigurationPlatforms) = preSolution
		Debug|Any CPU = Debug|Any CPU
		Release|Any CPU = Release|Any CPU
	EndGlobalSection
	GlobalSection(ProjectConfigurationPlatforms) = postSolution
		{DF85867C-06BD-498C-B548-FF28A4EDD731}.Debug|Any CPU.ActiveCfg = Debug|Any CPU
		{DF85867C-06BD-498C-B548-FF28A4EDD731}.Debug|Any CPU.Build.0 = Debug|Any CPU
		{DF85867C-06BD-498C-B548-FF28A4EDD731}.Release|Any CPU.ActiveCfg = Release|Any CPU
		{DF85867C-06BD-498C-B548-FF28A4EDD731}.Release|Any CPU.Build.0 = Release|Any CPU
	EndGlobalSection
	GlobalSection(SolutionProperties) = preSolution
		HideSolutionNode = FALSE
	EndGlobalSection
	GlobalSection(ExtensibilityGlobals) = postSolution
		SolutionGuid = {E9E0AF04-D738-4F0B-BBD0-48AA552D527F}
	EndGlobalSection
EndGlobal
